
Microsoft Visual Studio Solution File, Format Version 12.00
# Visual Studio Version 16
VisualStudioVersion = 16.0.32802.440
MinimumVisualStudioVersion = 10.0.40219.1
Project("{2150E333-8FDC-42A3-9474-1A3956D46DE8}") = "논리연산", "논리연산", "{616BF15D-0A4D-4B77-8677-F46D932551D5}"
EndProject
Project("{FAE04EC0-301F-11D3-BF4B-00C04F79EFBC}") = "Quadrant", "Quadrant\Quadrant.csproj", "{1D60BBAF-15AC-42C9-B6B2-42567742ACF2}"
EndProject
Project("{FAE04EC0-301F-11D3-BF4B-00C04F79EFBC}") = "AlarmClock", "AlarmClock\AlarmClock.csproj", "{87395334-F33B-44F5-ADED-27EE6203228B}"
EndProject
Project("{FAE04EC0-301F-11D3-BF4B-00C04F79EFBC}") = "OvenClock", "OvenClock\OvenClock.csproj", "{B7E6967A-1954-403C-A308-F0C2BC4B65E3}"
EndProject
Project("{FAE04EC0-301F-11D3-BF4B-00C04F79EFBC}") = "ThreeDice", "ThreeDice\ThreeDice.csproj", "{F7AC4A7C-AE4B-48E5-98B0-80145F478364}"
EndProject
Project("{2150E333-8FDC-42A3-9474-1A3956D46DE8}") = "반복문", "반복문", "{142BF624-971D-40B7-AAA9-2DE7573D8E3C}"
EndProject
Project("{FAE04EC0-301F-11D3-BF4B-00C04F79EFBC}") = "gugudan", "gugudan\gugudan.csproj", "{5680F88E-6D90-4F9A-9201-F49EE8969E82}"
EndProject
Project("{FAE04EC0-301F-11D3-BF4B-00C04F79EFBC}") = "AB_Sum", "AB_Sum\AB_Sum.csproj", "{02380FC1-6F91-4109-97A9-65B50A651610}"
EndProject
Project("{FAE04EC0-301F-11D3-BF4B-00C04F79EFBC}") = "N_Sum", "N_Sum\N_Sum.csproj", "{005F45E4-EFAE-4617-B666-5B04E17AEDAB}"
EndProject
Project("{FAE04EC0-301F-11D3-BF4B-00C04F79EFBC}") = "Receipt", "Receipt\Receipt.csproj", "{87800B1B-18B3-44AD-BB1C-08636BFF76CC}"
EndProject
Project("{FAE04EC0-301F-11D3-BF4B-00C04F79EFBC}") = "LongLongInt", "LongLongInt\LongLongInt.csproj", "{5AABD420-41BC-41FA-B211-7A5C0FC4465F}"
EndProject
Project("{FAE04EC0-301F-11D3-BF4B-00C04F79EFBC}") = "FastSum", "FastSum\FastSum.csproj", "{2794667E-03E6-4D10-88AB-909C61B47AE9}"
EndProject
Project("{FAE04EC0-301F-11D3-BF4B-00C04F79EFBC}") = "AB_Sum2", "AB_Sum2\AB_Sum2.csproj", "{E0C906F0-621D-4185-9509-6618E3522D9B}"
EndProject
Project("{FAE04EC0-301F-11D3-BF4B-00C04F79EFBC}") = "AB_Sum3", "AB_Sum3\AB_Sum3.csproj", "{0995F328-93D6-4650-B775-5D0B75F41FAF}"
EndProject
Project("{FAE04EC0-301F-11D3-BF4B-00C04F79EFBC}") = "Star1", "Star1\Star1.csproj", "{7FA438AD-EB27-4C2D-94F6-243C1F7525DF}"
EndProject
Project("{FAE04EC0-301F-11D3-BF4B-00C04F79EFBC}") = "Star2", "Star2\Star2.csproj", "{C6C773DD-4DF0-4F7C-B536-168BF3DCAD37}"
EndProject
Project("{FAE04EC0-301F-11D3-BF4B-00C04F79EFBC}") = "AB_Sum5", "AB_Sum5\AB_Sum5.csproj", "{48F2FC15-D9FD-43B9-81F3-16E75DA7001B}"
EndProject
Project("{FAE04EC0-301F-11D3-BF4B-00C04F79EFBC}") = "AB_Sum4", "AB_Sum4\AB_Sum4.csproj", "{87ED6229-D304-4E14-96CD-A199A0416030}"
EndProject
Project("{2150E333-8FDC-42A3-9474-1A3956D46DE8}") = "1차원배열", "1차원배열", "{E0C99CB7-5B22-450E-B081-7D9F4C60366B}"
EndProject
Project("{FAE04EC0-301F-11D3-BF4B-00C04F79EFBC}") = "CountCheck", "CountCheck\CountCheck.csproj", "{A02CB025-7611-4A1F-A332-CF6DEB645C00}"
EndProject
Project("{FAE04EC0-301F-11D3-BF4B-00C04F79EFBC}") = "SmallerX", "SmallerX\SmallerX.csproj", "{52513F54-F8FC-4542-A5E7-51D563E664FB}"
EndProject
Project("{FAE04EC0-301F-11D3-BF4B-00C04F79EFBC}") = "MinMaxNumber", "MinMaxNumber\MinMaxNumber.csproj", "{60F06890-0F36-4419-B323-E0474AF827D2}"
EndProject
Project("{FAE04EC0-301F-11D3-BF4B-00C04F79EFBC}") = "MaxValue", "MaxValue\MaxValue.csproj", "{61A70B3D-140C-4B7F-90E8-6A680ECC3FD3}"
EndProject
Project("{FAE04EC0-301F-11D3-BF4B-00C04F79EFBC}") = "BallGoal", "BallGoal\BallGoal.csproj", "{4580AB65-C35C-47B4-8CF1-5F12F574153D}"
EndProject
Project("{FAE04EC0-301F-11D3-BF4B-00C04F79EFBC}") = "BallChange", "BallChange\BallChange.csproj", "{5355F2F6-C96D-4E21-92BA-2C15FAFB7D6B}"
EndProject
Project("{FAE04EC0-301F-11D3-BF4B-00C04F79EFBC}") = "NotGiveHomework", "NotGiveHomework\NotGiveHomework.csproj", "{BCBF546F-9B97-4B75-9D99-59384BEAF625}"
EndProject
Project("{FAE04EC0-301F-11D3-BF4B-00C04F79EFBC}") = "Remain", "Remain\Remain.csproj", "{998367E8-08E8-4B00-BCD6-5AF1A4F2DA7A}"
EndProject
Project("{FAE04EC0-301F-11D3-BF4B-00C04F79EFBC}") = "BasketReverse", "BasketReverse\BasketReverse.csproj", "{BD39E017-B908-4180-98BC-054516AB914A}"
EndProject
Project("{FAE04EC0-301F-11D3-BF4B-00C04F79EFBC}") = "Average", "Average\Average.csproj", "{3F31EE8F-E4DD-473E-ADB1-E8B6474AE687}"
EndProject
Project("{2150E333-8FDC-42A3-9474-1A3956D46DE8}") = "문자열", "문자열", "{A6F62230-5F98-43FE-9871-DD59A0EC0352}"
EndProject
Project("{FAE04EC0-301F-11D3-BF4B-00C04F79EFBC}") = "CharWithString", "CharWithString\CharWithString.csproj", "{423ADD30-53A9-4A95-B308-06E945E3C908}"
EndProject
Project("{FAE04EC0-301F-11D3-BF4B-00C04F79EFBC}") = "WordLength", "WordLength\WordLength.csproj", "{134F1352-F933-4618-B4AD-40B73120A8F3}"
EndProject
Project("{FAE04EC0-301F-11D3-BF4B-00C04F79EFBC}") = "FirstLastChar", "FirstLastChar\FirstLastChar.csproj", "{4969A066-B9E8-45DA-9D70-61525FF98A77}"
EndProject
Project("{FAE04EC0-301F-11D3-BF4B-00C04F79EFBC}") = "ASCIICode", "ASCIICode\ASCIICode.csproj", "{78C9845E-B639-4034-B343-C1D121596F45}"
EndProject
Project("{FAE04EC0-301F-11D3-BF4B-00C04F79EFBC}") = "NumberSum", "NumberSum\NumberSum.csproj", "{FA922288-788E-438E-BE3D-2805322C0364}"
EndProject
Project("{FAE04EC0-301F-11D3-BF4B-00C04F79EFBC}") = "FindAlphabet", "FindAlphabet\FindAlphabet.csproj", "{FD3C6E58-B301-420F-A49B-9A536C4D4C38}"
EndProject
Project("{FAE04EC0-301F-11D3-BF4B-00C04F79EFBC}") = "StringRepeat", "StringRepeat\StringRepeat.csproj", "{684111C4-F513-4358-BF64-6B776E75C56E}"
EndProject
Project("{FAE04EC0-301F-11D3-BF4B-00C04F79EFBC}") = "WordCounts", "WordCounts\WordCounts.csproj", "{F3AA9444-980B-4C74-BE8E-871462503CF6}"
EndProject
Project("{FAE04EC0-301F-11D3-BF4B-00C04F79EFBC}") = "Sangsu", "Sangsu\Sangsu.csproj", "{196B03A6-E8DB-4ED4-9DA3-04FEC2C6A528}"
EndProject
Project("{FAE04EC0-301F-11D3-BF4B-00C04F79EFBC}") = "DialPhone", "DialPhone\DialPhone.csproj", "{7B4141D5-5399-47D4-A7B2-F5DBA11BBEA7}"
EndProject
Project("{FAE04EC0-301F-11D3-BF4B-00C04F79EFBC}") = "JustReturn", "JustReturn\JustReturn.csproj", "{07CEB646-BA12-4970-9192-DF6525F39063}"
EndProject
Project("{2150E333-8FDC-42A3-9474-1A3956D46DE8}") = "심화1", "심화1", "{BCAB7275-9BA3-448B-AD47-37FE267CA647}"
EndProject
Project("{FAE04EC0-301F-11D3-BF4B-00C04F79EFBC}") = "Sprout", "Sprout\Sprout.csproj", "{0B2F76E9-AA5D-430D-B3C9-586063BEE366}"
EndProject
Project("{FAE04EC0-301F-11D3-BF4B-00C04F79EFBC}") = "Chess", "Chess\Chess.csproj", "{B609F2DA-6DF9-481F-9F92-3124EB7E06E8}"
EndProject
Project("{FAE04EC0-301F-11D3-BF4B-00C04F79EFBC}") = "Star7", "Star7\Star7.csproj", "{28F21F4A-19C6-46A1-97A3-AEF54A0221FE}"
EndProject
Project("{FAE04EC0-301F-11D3-BF4B-00C04F79EFBC}") = "Palindrome", "Palindrome\Palindrome.csproj", "{29877D68-1731-4268-A58F-AAE5DC160244}"
EndProject
Project("{FAE04EC0-301F-11D3-BF4B-00C04F79EFBC}") = "WordStudy", "WordStudy\WordStudy.csproj", "{FD4814BB-0D12-4F31-A18F-74BC05BBCF64}"
EndProject
Project("{FAE04EC0-301F-11D3-BF4B-00C04F79EFBC}") = "CroatiaAlphabet", "CroatiaAlphabet\CroatiaAlphabet.csproj", "{84B1CFD8-B754-48A6-9ECC-68B0387DA9A5}"
EndProject
Project("{FAE04EC0-301F-11D3-BF4B-00C04F79EFBC}") = "GroupWordChecker", "GroupWordChecker\GroupWordChecker.csproj", "{A219FFD9-07BD-412B-A825-9DF26323C3B4}"
EndProject
Project("{FAE04EC0-301F-11D3-BF4B-00C04F79EFBC}") = "YourGrade", "YourGrade\YourGrade.csproj", "{4066F122-6C1A-4540-83A2-89E42BDDD4F9}"
EndProject
Project("{2150E333-8FDC-42A3-9474-1A3956D46DE8}") = "2차원배열", "2차원배열", "{E89B6C78-EE94-498D-8BCA-107D81686769}"
EndProject
Project("{FAE04EC0-301F-11D3-BF4B-00C04F79EFBC}") = "2738_행렬덧셈", "2738_행렬덧셈\2738_행렬덧셈.csproj", "{7E028356-0ED0-4385-83FA-A1CCC7A365DD}"
EndProject
Project("{FAE04EC0-301F-11D3-BF4B-00C04F79EFBC}") = "2566_최댓값", "2566_최댓값\2566_최댓값.csproj", "{F953504A-569D-47D2-811C-8A85A8CC0EDC}"
EndProject
Project("{FAE04EC0-301F-11D3-BF4B-00C04F79EFBC}") = "10798_세로읽기", "10798_세로읽기\10798_세로읽기.csproj", "{92853301-4058-4A04-87AB-E3C0E9172873}"
EndProject
Project("{FAE04EC0-301F-11D3-BF4B-00C04F79EFBC}") = "2563_색종이", "2563_색종이\2563_색종이.csproj", "{E817D997-6282-4046-BA7D-D4FF2B06A151}"
EndProject
Project("{2150E333-8FDC-42A3-9474-1A3956D46DE8}") = "일반수학", "일반수학", "{D93940E7-021E-4AD9-8C3C-BA30B3469E96}"
EndProject
Project("{FAE04EC0-301F-11D3-BF4B-00C04F79EFBC}") = "2745_진법변환", "2745_진법변환\2745_진법변환.csproj", "{554CAA42-FD79-4C12-9000-22565974CDBE}"
EndProject
Project("{2150E333-8FDC-42A3-9474-1A3956D46DE8}") = "약수,배수와 소수", "약수,배수와 소수", "{78EA75F4-D620-433E-93E3-B8B51478D1C6}"
EndProject
Project("{FAE04EC0-301F-11D3-BF4B-00C04F79EFBC}") = "5086_배수와 약수", "5086_배수와 약수\5086_배수와 약수.csproj", "{40BD8B3A-F56D-45B2-9AA8-8713E52EAA64}"
EndProject
Project("{FAE04EC0-301F-11D3-BF4B-00C04F79EFBC}") = "2501_약수구하기", "2501_약수구하기\2501_약수구하기.csproj", "{B214A67B-B418-4D0D-BCDB-A8AF2BA4628D}"
EndProject
Project("{FAE04EC0-301F-11D3-BF4B-00C04F79EFBC}") = "9506_약수들의합", "9506_약수들의합\9506_약수들의합.csproj", "{B764C0C3-C736-4DE3-B031-8493241A16F9}"
EndProject
Project("{FAE04EC0-301F-11D3-BF4B-00C04F79EFBC}") = "1978_소수찾기", "1978_소수찾기\1978_소수찾기.csproj", "{39318DD6-B2DA-4E9A-A388-63DDB6A16AB1}"
EndProject
Project("{FAE04EC0-301F-11D3-BF4B-00C04F79EFBC}") = "2581_소수", "2581_소수\2581_소수.csproj", "{4AFF4CCB-2906-4898-BDA5-ED589550DC93}"
EndProject
Project("{FAE04EC0-301F-11D3-BF4B-00C04F79EFBC}") = "11653_소인수분해", "11653_소인수분해\11653_소인수분해.csproj", "{979391C6-46CB-48C2-972F-A89E0A53597B}"
EndProject
Project("{2150E333-8FDC-42A3-9474-1A3956D46DE8}") = "기하_직사각형과삼각형", "기하_직사각형과삼각형", "{3B503F88-C90D-4B22-8D43-3719F7D82344}"
EndProject
Project("{FAE04EC0-301F-11D3-BF4B-00C04F79EFBC}") = "27323_직사각형", "27323_직사각형\27323_직사각형.csproj", "{06FF5964-74EF-4EB5-80C6-BFF53DD05C21}"
EndProject
Project("{FAE04EC0-301F-11D3-BF4B-00C04F79EFBC}") = "1085_직사각형탈출", "1085_직사각형탈출\1085_직사각형탈출.csproj", "{2A350227-528A-4861-AEF6-3FA6B2AE1719}"
EndProject
Project("{FAE04EC0-301F-11D3-BF4B-00C04F79EFBC}") = "3009_네번째점", "3009_네번째점\3009_네번째점.csproj", "{E0EC0261-CEFE-4E7B-BC40-33A6B5F07225}"
EndProject
Project("{FAE04EC0-301F-11D3-BF4B-00C04F79EFBC}") = "15894_수학은체육과목", "15894_수학은체육과목\15894_수학은체육과목.csproj", "{2D9DDAB5-526D-40C9-883D-62D1C6D3A581}"
EndProject
Project("{FAE04EC0-301F-11D3-BF4B-00C04F79EFBC}") = "9063_대지", "9063_대지\9063_대지.csproj", "{683757F5-49D0-4585-BB89-29052BDBD9FE}"
EndProject
Global
	GlobalSection(SolutionConfigurationPlatforms) = preSolution
		Debug|Any CPU = Debug|Any CPU
		Release|Any CPU = Release|Any CPU
	EndGlobalSection
	GlobalSection(ProjectConfigurationPlatforms) = postSolution
		{1D60BBAF-15AC-42C9-B6B2-42567742ACF2}.Debug|Any CPU.ActiveCfg = Debug|Any CPU
		{1D60BBAF-15AC-42C9-B6B2-42567742ACF2}.Debug|Any CPU.Build.0 = Debug|Any CPU
		{1D60BBAF-15AC-42C9-B6B2-42567742ACF2}.Release|Any CPU.ActiveCfg = Release|Any CPU
		{1D60BBAF-15AC-42C9-B6B2-42567742ACF2}.Release|Any CPU.Build.0 = Release|Any CPU
		{87395334-F33B-44F5-ADED-27EE6203228B}.Debug|Any CPU.ActiveCfg = Debug|Any CPU
		{87395334-F33B-44F5-ADED-27EE6203228B}.Debug|Any CPU.Build.0 = Debug|Any CPU
		{87395334-F33B-44F5-ADED-27EE6203228B}.Release|Any CPU.ActiveCfg = Release|Any CPU
		{87395334-F33B-44F5-ADED-27EE6203228B}.Release|Any CPU.Build.0 = Release|Any CPU
		{B7E6967A-1954-403C-A308-F0C2BC4B65E3}.Debug|Any CPU.ActiveCfg = Debug|Any CPU
		{B7E6967A-1954-403C-A308-F0C2BC4B65E3}.Debug|Any CPU.Build.0 = Debug|Any CPU
		{B7E6967A-1954-403C-A308-F0C2BC4B65E3}.Release|Any CPU.ActiveCfg = Release|Any CPU
		{B7E6967A-1954-403C-A308-F0C2BC4B65E3}.Release|Any CPU.Build.0 = Release|Any CPU
		{F7AC4A7C-AE4B-48E5-98B0-80145F478364}.Debug|Any CPU.ActiveCfg = Debug|Any CPU
		{F7AC4A7C-AE4B-48E5-98B0-80145F478364}.Debug|Any CPU.Build.0 = Debug|Any CPU
		{F7AC4A7C-AE4B-48E5-98B0-80145F478364}.Release|Any CPU.ActiveCfg = Release|Any CPU
		{F7AC4A7C-AE4B-48E5-98B0-80145F478364}.Release|Any CPU.Build.0 = Release|Any CPU
		{5680F88E-6D90-4F9A-9201-F49EE8969E82}.Debug|Any CPU.ActiveCfg = Debug|Any CPU
		{5680F88E-6D90-4F9A-9201-F49EE8969E82}.Debug|Any CPU.Build.0 = Debug|Any CPU
		{5680F88E-6D90-4F9A-9201-F49EE8969E82}.Release|Any CPU.ActiveCfg = Release|Any CPU
		{5680F88E-6D90-4F9A-9201-F49EE8969E82}.Release|Any CPU.Build.0 = Release|Any CPU
		{02380FC1-6F91-4109-97A9-65B50A651610}.Debug|Any CPU.ActiveCfg = Debug|Any CPU
		{02380FC1-6F91-4109-97A9-65B50A651610}.Debug|Any CPU.Build.0 = Debug|Any CPU
		{02380FC1-6F91-4109-97A9-65B50A651610}.Release|Any CPU.ActiveCfg = Release|Any CPU
		{02380FC1-6F91-4109-97A9-65B50A651610}.Release|Any CPU.Build.0 = Release|Any CPU
		{005F45E4-EFAE-4617-B666-5B04E17AEDAB}.Debug|Any CPU.ActiveCfg = Debug|Any CPU
		{005F45E4-EFAE-4617-B666-5B04E17AEDAB}.Debug|Any CPU.Build.0 = Debug|Any CPU
		{005F45E4-EFAE-4617-B666-5B04E17AEDAB}.Release|Any CPU.ActiveCfg = Release|Any CPU
		{005F45E4-EFAE-4617-B666-5B04E17AEDAB}.Release|Any CPU.Build.0 = Release|Any CPU
		{87800B1B-18B3-44AD-BB1C-08636BFF76CC}.Debug|Any CPU.ActiveCfg = Debug|Any CPU
		{87800B1B-18B3-44AD-BB1C-08636BFF76CC}.Debug|Any CPU.Build.0 = Debug|Any CPU
		{87800B1B-18B3-44AD-BB1C-08636BFF76CC}.Release|Any CPU.ActiveCfg = Release|Any CPU
		{87800B1B-18B3-44AD-BB1C-08636BFF76CC}.Release|Any CPU.Build.0 = Release|Any CPU
		{5AABD420-41BC-41FA-B211-7A5C0FC4465F}.Debug|Any CPU.ActiveCfg = Debug|Any CPU
		{5AABD420-41BC-41FA-B211-7A5C0FC4465F}.Debug|Any CPU.Build.0 = Debug|Any CPU
		{5AABD420-41BC-41FA-B211-7A5C0FC4465F}.Release|Any CPU.ActiveCfg = Release|Any CPU
		{5AABD420-41BC-41FA-B211-7A5C0FC4465F}.Release|Any CPU.Build.0 = Release|Any CPU
		{2794667E-03E6-4D10-88AB-909C61B47AE9}.Debug|Any CPU.ActiveCfg = Debug|Any CPU
		{2794667E-03E6-4D10-88AB-909C61B47AE9}.Debug|Any CPU.Build.0 = Debug|Any CPU
		{2794667E-03E6-4D10-88AB-909C61B47AE9}.Release|Any CPU.ActiveCfg = Release|Any CPU
		{2794667E-03E6-4D10-88AB-909C61B47AE9}.Release|Any CPU.Build.0 = Release|Any CPU
		{E0C906F0-621D-4185-9509-6618E3522D9B}.Debug|Any CPU.ActiveCfg = Debug|Any CPU
		{E0C906F0-621D-4185-9509-6618E3522D9B}.Debug|Any CPU.Build.0 = Debug|Any CPU
		{E0C906F0-621D-4185-9509-6618E3522D9B}.Release|Any CPU.ActiveCfg = Release|Any CPU
		{E0C906F0-621D-4185-9509-6618E3522D9B}.Release|Any CPU.Build.0 = Release|Any CPU
		{0995F328-93D6-4650-B775-5D0B75F41FAF}.Debug|Any CPU.ActiveCfg = Debug|Any CPU
		{0995F328-93D6-4650-B775-5D0B75F41FAF}.Debug|Any CPU.Build.0 = Debug|Any CPU
		{0995F328-93D6-4650-B775-5D0B75F41FAF}.Release|Any CPU.ActiveCfg = Release|Any CPU
		{0995F328-93D6-4650-B775-5D0B75F41FAF}.Release|Any CPU.Build.0 = Release|Any CPU
		{7FA438AD-EB27-4C2D-94F6-243C1F7525DF}.Debug|Any CPU.ActiveCfg = Debug|Any CPU
		{7FA438AD-EB27-4C2D-94F6-243C1F7525DF}.Debug|Any CPU.Build.0 = Debug|Any CPU
		{7FA438AD-EB27-4C2D-94F6-243C1F7525DF}.Release|Any CPU.ActiveCfg = Release|Any CPU
		{7FA438AD-EB27-4C2D-94F6-243C1F7525DF}.Release|Any CPU.Build.0 = Release|Any CPU
		{C6C773DD-4DF0-4F7C-B536-168BF3DCAD37}.Debug|Any CPU.ActiveCfg = Debug|Any CPU
		{C6C773DD-4DF0-4F7C-B536-168BF3DCAD37}.Debug|Any CPU.Build.0 = Debug|Any CPU
		{C6C773DD-4DF0-4F7C-B536-168BF3DCAD37}.Release|Any CPU.ActiveCfg = Release|Any CPU
		{C6C773DD-4DF0-4F7C-B536-168BF3DCAD37}.Release|Any CPU.Build.0 = Release|Any CPU
		{48F2FC15-D9FD-43B9-81F3-16E75DA7001B}.Debug|Any CPU.ActiveCfg = Debug|Any CPU
		{48F2FC15-D9FD-43B9-81F3-16E75DA7001B}.Debug|Any CPU.Build.0 = Debug|Any CPU
		{48F2FC15-D9FD-43B9-81F3-16E75DA7001B}.Release|Any CPU.ActiveCfg = Release|Any CPU
		{48F2FC15-D9FD-43B9-81F3-16E75DA7001B}.Release|Any CPU.Build.0 = Release|Any CPU
		{87ED6229-D304-4E14-96CD-A199A0416030}.Debug|Any CPU.ActiveCfg = Debug|Any CPU
		{87ED6229-D304-4E14-96CD-A199A0416030}.Debug|Any CPU.Build.0 = Debug|Any CPU
		{87ED6229-D304-4E14-96CD-A199A0416030}.Release|Any CPU.ActiveCfg = Release|Any CPU
		{87ED6229-D304-4E14-96CD-A199A0416030}.Release|Any CPU.Build.0 = Release|Any CPU
		{A02CB025-7611-4A1F-A332-CF6DEB645C00}.Debug|Any CPU.ActiveCfg = Debug|Any CPU
		{A02CB025-7611-4A1F-A332-CF6DEB645C00}.Debug|Any CPU.Build.0 = Debug|Any CPU
		{A02CB025-7611-4A1F-A332-CF6DEB645C00}.Release|Any CPU.ActiveCfg = Release|Any CPU
		{A02CB025-7611-4A1F-A332-CF6DEB645C00}.Release|Any CPU.Build.0 = Release|Any CPU
		{52513F54-F8FC-4542-A5E7-51D563E664FB}.Debug|Any CPU.ActiveCfg = Debug|Any CPU
		{52513F54-F8FC-4542-A5E7-51D563E664FB}.Debug|Any CPU.Build.0 = Debug|Any CPU
		{52513F54-F8FC-4542-A5E7-51D563E664FB}.Release|Any CPU.ActiveCfg = Release|Any CPU
		{52513F54-F8FC-4542-A5E7-51D563E664FB}.Release|Any CPU.Build.0 = Release|Any CPU
		{60F06890-0F36-4419-B323-E0474AF827D2}.Debug|Any CPU.ActiveCfg = Debug|Any CPU
		{60F06890-0F36-4419-B323-E0474AF827D2}.Debug|Any CPU.Build.0 = Debug|Any CPU
		{60F06890-0F36-4419-B323-E0474AF827D2}.Release|Any CPU.ActiveCfg = Release|Any CPU
		{60F06890-0F36-4419-B323-E0474AF827D2}.Release|Any CPU.Build.0 = Release|Any CPU
		{61A70B3D-140C-4B7F-90E8-6A680ECC3FD3}.Debug|Any CPU.ActiveCfg = Debug|Any CPU
		{61A70B3D-140C-4B7F-90E8-6A680ECC3FD3}.Debug|Any CPU.Build.0 = Debug|Any CPU
		{61A70B3D-140C-4B7F-90E8-6A680ECC3FD3}.Release|Any CPU.ActiveCfg = Release|Any CPU
		{61A70B3D-140C-4B7F-90E8-6A680ECC3FD3}.Release|Any CPU.Build.0 = Release|Any CPU
		{4580AB65-C35C-47B4-8CF1-5F12F574153D}.Debug|Any CPU.ActiveCfg = Debug|Any CPU
		{4580AB65-C35C-47B4-8CF1-5F12F574153D}.Debug|Any CPU.Build.0 = Debug|Any CPU
		{4580AB65-C35C-47B4-8CF1-5F12F574153D}.Release|Any CPU.ActiveCfg = Release|Any CPU
		{4580AB65-C35C-47B4-8CF1-5F12F574153D}.Release|Any CPU.Build.0 = Release|Any CPU
		{5355F2F6-C96D-4E21-92BA-2C15FAFB7D6B}.Debug|Any CPU.ActiveCfg = Debug|Any CPU
		{5355F2F6-C96D-4E21-92BA-2C15FAFB7D6B}.Debug|Any CPU.Build.0 = Debug|Any CPU
		{5355F2F6-C96D-4E21-92BA-2C15FAFB7D6B}.Release|Any CPU.ActiveCfg = Release|Any CPU
		{5355F2F6-C96D-4E21-92BA-2C15FAFB7D6B}.Release|Any CPU.Build.0 = Release|Any CPU
		{BCBF546F-9B97-4B75-9D99-59384BEAF625}.Debug|Any CPU.ActiveCfg = Debug|Any CPU
		{BCBF546F-9B97-4B75-9D99-59384BEAF625}.Debug|Any CPU.Build.0 = Debug|Any CPU
		{BCBF546F-9B97-4B75-9D99-59384BEAF625}.Release|Any CPU.ActiveCfg = Release|Any CPU
		{BCBF546F-9B97-4B75-9D99-59384BEAF625}.Release|Any CPU.Build.0 = Release|Any CPU
		{998367E8-08E8-4B00-BCD6-5AF1A4F2DA7A}.Debug|Any CPU.ActiveCfg = Debug|Any CPU
		{998367E8-08E8-4B00-BCD6-5AF1A4F2DA7A}.Debug|Any CPU.Build.0 = Debug|Any CPU
		{998367E8-08E8-4B00-BCD6-5AF1A4F2DA7A}.Release|Any CPU.ActiveCfg = Release|Any CPU
		{998367E8-08E8-4B00-BCD6-5AF1A4F2DA7A}.Release|Any CPU.Build.0 = Release|Any CPU
		{BD39E017-B908-4180-98BC-054516AB914A}.Debug|Any CPU.ActiveCfg = Debug|Any CPU
		{BD39E017-B908-4180-98BC-054516AB914A}.Debug|Any CPU.Build.0 = Debug|Any CPU
		{BD39E017-B908-4180-98BC-054516AB914A}.Release|Any CPU.ActiveCfg = Release|Any CPU
		{BD39E017-B908-4180-98BC-054516AB914A}.Release|Any CPU.Build.0 = Release|Any CPU
		{3F31EE8F-E4DD-473E-ADB1-E8B6474AE687}.Debug|Any CPU.ActiveCfg = Debug|Any CPU
		{3F31EE8F-E4DD-473E-ADB1-E8B6474AE687}.Debug|Any CPU.Build.0 = Debug|Any CPU
		{3F31EE8F-E4DD-473E-ADB1-E8B6474AE687}.Release|Any CPU.ActiveCfg = Release|Any CPU
		{3F31EE8F-E4DD-473E-ADB1-E8B6474AE687}.Release|Any CPU.Build.0 = Release|Any CPU
		{423ADD30-53A9-4A95-B308-06E945E3C908}.Debug|Any CPU.ActiveCfg = Debug|Any CPU
		{423ADD30-53A9-4A95-B308-06E945E3C908}.Debug|Any CPU.Build.0 = Debug|Any CPU
		{423ADD30-53A9-4A95-B308-06E945E3C908}.Release|Any CPU.ActiveCfg = Release|Any CPU
		{423ADD30-53A9-4A95-B308-06E945E3C908}.Release|Any CPU.Build.0 = Release|Any CPU
		{134F1352-F933-4618-B4AD-40B73120A8F3}.Debug|Any CPU.ActiveCfg = Debug|Any CPU
		{134F1352-F933-4618-B4AD-40B73120A8F3}.Debug|Any CPU.Build.0 = Debug|Any CPU
		{134F1352-F933-4618-B4AD-40B73120A8F3}.Release|Any CPU.ActiveCfg = Release|Any CPU
		{134F1352-F933-4618-B4AD-40B73120A8F3}.Release|Any CPU.Build.0 = Release|Any CPU
		{4969A066-B9E8-45DA-9D70-61525FF98A77}.Debug|Any CPU.ActiveCfg = Debug|Any CPU
		{4969A066-B9E8-45DA-9D70-61525FF98A77}.Debug|Any CPU.Build.0 = Debug|Any CPU
		{4969A066-B9E8-45DA-9D70-61525FF98A77}.Release|Any CPU.ActiveCfg = Release|Any CPU
		{4969A066-B9E8-45DA-9D70-61525FF98A77}.Release|Any CPU.Build.0 = Release|Any CPU
		{78C9845E-B639-4034-B343-C1D121596F45}.Debug|Any CPU.ActiveCfg = Debug|Any CPU
		{78C9845E-B639-4034-B343-C1D121596F45}.Debug|Any CPU.Build.0 = Debug|Any CPU
		{78C9845E-B639-4034-B343-C1D121596F45}.Release|Any CPU.ActiveCfg = Release|Any CPU
		{78C9845E-B639-4034-B343-C1D121596F45}.Release|Any CPU.Build.0 = Release|Any CPU
		{FA922288-788E-438E-BE3D-2805322C0364}.Debug|Any CPU.ActiveCfg = Debug|Any CPU
		{FA922288-788E-438E-BE3D-2805322C0364}.Debug|Any CPU.Build.0 = Debug|Any CPU
		{FA922288-788E-438E-BE3D-2805322C0364}.Release|Any CPU.ActiveCfg = Release|Any CPU
		{FA922288-788E-438E-BE3D-2805322C0364}.Release|Any CPU.Build.0 = Release|Any CPU
		{FD3C6E58-B301-420F-A49B-9A536C4D4C38}.Debug|Any CPU.ActiveCfg = Debug|Any CPU
		{FD3C6E58-B301-420F-A49B-9A536C4D4C38}.Debug|Any CPU.Build.0 = Debug|Any CPU
		{FD3C6E58-B301-420F-A49B-9A536C4D4C38}.Release|Any CPU.ActiveCfg = Release|Any CPU
		{FD3C6E58-B301-420F-A49B-9A536C4D4C38}.Release|Any CPU.Build.0 = Release|Any CPU
		{684111C4-F513-4358-BF64-6B776E75C56E}.Debug|Any CPU.ActiveCfg = Debug|Any CPU
		{684111C4-F513-4358-BF64-6B776E75C56E}.Debug|Any CPU.Build.0 = Debug|Any CPU
		{684111C4-F513-4358-BF64-6B776E75C56E}.Release|Any CPU.ActiveCfg = Release|Any CPU
		{684111C4-F513-4358-BF64-6B776E75C56E}.Release|Any CPU.Build.0 = Release|Any CPU
		{F3AA9444-980B-4C74-BE8E-871462503CF6}.Debug|Any CPU.ActiveCfg = Debug|Any CPU
		{F3AA9444-980B-4C74-BE8E-871462503CF6}.Debug|Any CPU.Build.0 = Debug|Any CPU
		{F3AA9444-980B-4C74-BE8E-871462503CF6}.Release|Any CPU.ActiveCfg = Release|Any CPU
		{F3AA9444-980B-4C74-BE8E-871462503CF6}.Release|Any CPU.Build.0 = Release|Any CPU
		{196B03A6-E8DB-4ED4-9DA3-04FEC2C6A528}.Debug|Any CPU.ActiveCfg = Debug|Any CPU
		{196B03A6-E8DB-4ED4-9DA3-04FEC2C6A528}.Debug|Any CPU.Build.0 = Debug|Any CPU
		{196B03A6-E8DB-4ED4-9DA3-04FEC2C6A528}.Release|Any CPU.ActiveCfg = Release|Any CPU
		{196B03A6-E8DB-4ED4-9DA3-04FEC2C6A528}.Release|Any CPU.Build.0 = Release|Any CPU
		{7B4141D5-5399-47D4-A7B2-F5DBA11BBEA7}.Debug|Any CPU.ActiveCfg = Debug|Any CPU
		{7B4141D5-5399-47D4-A7B2-F5DBA11BBEA7}.Debug|Any CPU.Build.0 = Debug|Any CPU
		{7B4141D5-5399-47D4-A7B2-F5DBA11BBEA7}.Release|Any CPU.ActiveCfg = Release|Any CPU
		{7B4141D5-5399-47D4-A7B2-F5DBA11BBEA7}.Release|Any CPU.Build.0 = Release|Any CPU
		{07CEB646-BA12-4970-9192-DF6525F39063}.Debug|Any CPU.ActiveCfg = Debug|Any CPU
		{07CEB646-BA12-4970-9192-DF6525F39063}.Debug|Any CPU.Build.0 = Debug|Any CPU
		{07CEB646-BA12-4970-9192-DF6525F39063}.Release|Any CPU.ActiveCfg = Release|Any CPU
		{07CEB646-BA12-4970-9192-DF6525F39063}.Release|Any CPU.Build.0 = Release|Any CPU
		{0B2F76E9-AA5D-430D-B3C9-586063BEE366}.Debug|Any CPU.ActiveCfg = Debug|Any CPU
		{0B2F76E9-AA5D-430D-B3C9-586063BEE366}.Debug|Any CPU.Build.0 = Debug|Any CPU
		{0B2F76E9-AA5D-430D-B3C9-586063BEE366}.Release|Any CPU.ActiveCfg = Release|Any CPU
		{0B2F76E9-AA5D-430D-B3C9-586063BEE366}.Release|Any CPU.Build.0 = Release|Any CPU
		{B609F2DA-6DF9-481F-9F92-3124EB7E06E8}.Debug|Any CPU.ActiveCfg = Debug|Any CPU
		{B609F2DA-6DF9-481F-9F92-3124EB7E06E8}.Debug|Any CPU.Build.0 = Debug|Any CPU
		{B609F2DA-6DF9-481F-9F92-3124EB7E06E8}.Release|Any CPU.ActiveCfg = Release|Any CPU
		{B609F2DA-6DF9-481F-9F92-3124EB7E06E8}.Release|Any CPU.Build.0 = Release|Any CPU
		{28F21F4A-19C6-46A1-97A3-AEF54A0221FE}.Debug|Any CPU.ActiveCfg = Debug|Any CPU
		{28F21F4A-19C6-46A1-97A3-AEF54A0221FE}.Debug|Any CPU.Build.0 = Debug|Any CPU
		{28F21F4A-19C6-46A1-97A3-AEF54A0221FE}.Release|Any CPU.ActiveCfg = Release|Any CPU
		{28F21F4A-19C6-46A1-97A3-AEF54A0221FE}.Release|Any CPU.Build.0 = Release|Any CPU
		{29877D68-1731-4268-A58F-AAE5DC160244}.Debug|Any CPU.ActiveCfg = Debug|Any CPU
		{29877D68-1731-4268-A58F-AAE5DC160244}.Debug|Any CPU.Build.0 = Debug|Any CPU
		{29877D68-1731-4268-A58F-AAE5DC160244}.Release|Any CPU.ActiveCfg = Release|Any CPU
		{29877D68-1731-4268-A58F-AAE5DC160244}.Release|Any CPU.Build.0 = Release|Any CPU
		{FD4814BB-0D12-4F31-A18F-74BC05BBCF64}.Debug|Any CPU.ActiveCfg = Debug|Any CPU
		{FD4814BB-0D12-4F31-A18F-74BC05BBCF64}.Debug|Any CPU.Build.0 = Debug|Any CPU
		{FD4814BB-0D12-4F31-A18F-74BC05BBCF64}.Release|Any CPU.ActiveCfg = Release|Any CPU
		{FD4814BB-0D12-4F31-A18F-74BC05BBCF64}.Release|Any CPU.Build.0 = Release|Any CPU
		{84B1CFD8-B754-48A6-9ECC-68B0387DA9A5}.Debug|Any CPU.ActiveCfg = Debug|Any CPU
		{84B1CFD8-B754-48A6-9ECC-68B0387DA9A5}.Debug|Any CPU.Build.0 = Debug|Any CPU
		{84B1CFD8-B754-48A6-9ECC-68B0387DA9A5}.Release|Any CPU.ActiveCfg = Release|Any CPU
		{84B1CFD8-B754-48A6-9ECC-68B0387DA9A5}.Release|Any CPU.Build.0 = Release|Any CPU
		{A219FFD9-07BD-412B-A825-9DF26323C3B4}.Debug|Any CPU.ActiveCfg = Debug|Any CPU
		{A219FFD9-07BD-412B-A825-9DF26323C3B4}.Debug|Any CPU.Build.0 = Debug|Any CPU
		{A219FFD9-07BD-412B-A825-9DF26323C3B4}.Release|Any CPU.ActiveCfg = Release|Any CPU
		{A219FFD9-07BD-412B-A825-9DF26323C3B4}.Release|Any CPU.Build.0 = Release|Any CPU
		{4066F122-6C1A-4540-83A2-89E42BDDD4F9}.Debug|Any CPU.ActiveCfg = Debug|Any CPU
		{4066F122-6C1A-4540-83A2-89E42BDDD4F9}.Debug|Any CPU.Build.0 = Debug|Any CPU
		{4066F122-6C1A-4540-83A2-89E42BDDD4F9}.Release|Any CPU.ActiveCfg = Release|Any CPU
		{4066F122-6C1A-4540-83A2-89E42BDDD4F9}.Release|Any CPU.Build.0 = Release|Any CPU
		{7E028356-0ED0-4385-83FA-A1CCC7A365DD}.Debug|Any CPU.ActiveCfg = Debug|Any CPU
		{7E028356-0ED0-4385-83FA-A1CCC7A365DD}.Debug|Any CPU.Build.0 = Debug|Any CPU
		{7E028356-0ED0-4385-83FA-A1CCC7A365DD}.Release|Any CPU.ActiveCfg = Release|Any CPU
		{7E028356-0ED0-4385-83FA-A1CCC7A365DD}.Release|Any CPU.Build.0 = Release|Any CPU
		{F953504A-569D-47D2-811C-8A85A8CC0EDC}.Debug|Any CPU.ActiveCfg = Debug|Any CPU
		{F953504A-569D-47D2-811C-8A85A8CC0EDC}.Debug|Any CPU.Build.0 = Debug|Any CPU
		{F953504A-569D-47D2-811C-8A85A8CC0EDC}.Release|Any CPU.ActiveCfg = Release|Any CPU
		{F953504A-569D-47D2-811C-8A85A8CC0EDC}.Release|Any CPU.Build.0 = Release|Any CPU
		{92853301-4058-4A04-87AB-E3C0E9172873}.Debug|Any CPU.ActiveCfg = Debug|Any CPU
		{92853301-4058-4A04-87AB-E3C0E9172873}.Debug|Any CPU.Build.0 = Debug|Any CPU
		{92853301-4058-4A04-87AB-E3C0E9172873}.Release|Any CPU.ActiveCfg = Release|Any CPU
		{92853301-4058-4A04-87AB-E3C0E9172873}.Release|Any CPU.Build.0 = Release|Any CPU
		{E817D997-6282-4046-BA7D-D4FF2B06A151}.Debug|Any CPU.ActiveCfg = Debug|Any CPU
		{E817D997-6282-4046-BA7D-D4FF2B06A151}.Debug|Any CPU.Build.0 = Debug|Any CPU
		{E817D997-6282-4046-BA7D-D4FF2B06A151}.Release|Any CPU.ActiveCfg = Release|Any CPU
		{E817D997-6282-4046-BA7D-D4FF2B06A151}.Release|Any CPU.Build.0 = Release|Any CPU
		{554CAA42-FD79-4C12-9000-22565974CDBE}.Debug|Any CPU.ActiveCfg = Debug|Any CPU
		{554CAA42-FD79-4C12-9000-22565974CDBE}.Debug|Any CPU.Build.0 = Debug|Any CPU
		{554CAA42-FD79-4C12-9000-22565974CDBE}.Release|Any CPU.ActiveCfg = Release|Any CPU
		{554CAA42-FD79-4C12-9000-22565974CDBE}.Release|Any CPU.Build.0 = Release|Any CPU
		{40BD8B3A-F56D-45B2-9AA8-8713E52EAA64}.Debug|Any CPU.ActiveCfg = Debug|Any CPU
		{40BD8B3A-F56D-45B2-9AA8-8713E52EAA64}.Debug|Any CPU.Build.0 = Debug|Any CPU
		{40BD8B3A-F56D-45B2-9AA8-8713E52EAA64}.Release|Any CPU.ActiveCfg = Release|Any CPU
		{40BD8B3A-F56D-45B2-9AA8-8713E52EAA64}.Release|Any CPU.Build.0 = Release|Any CPU
		{B214A67B-B418-4D0D-BCDB-A8AF2BA4628D}.Debug|Any CPU.ActiveCfg = Debug|Any CPU
		{B214A67B-B418-4D0D-BCDB-A8AF2BA4628D}.Debug|Any CPU.Build.0 = Debug|Any CPU
		{B214A67B-B418-4D0D-BCDB-A8AF2BA4628D}.Release|Any CPU.ActiveCfg = Release|Any CPU
		{B214A67B-B418-4D0D-BCDB-A8AF2BA4628D}.Release|Any CPU.Build.0 = Release|Any CPU
		{B764C0C3-C736-4DE3-B031-8493241A16F9}.Debug|Any CPU.ActiveCfg = Debug|Any CPU
		{B764C0C3-C736-4DE3-B031-8493241A16F9}.Debug|Any CPU.Build.0 = Debug|Any CPU
		{B764C0C3-C736-4DE3-B031-8493241A16F9}.Release|Any CPU.ActiveCfg = Release|Any CPU
		{B764C0C3-C736-4DE3-B031-8493241A16F9}.Release|Any CPU.Build.0 = Release|Any CPU
		{39318DD6-B2DA-4E9A-A388-63DDB6A16AB1}.Debug|Any CPU.ActiveCfg = Debug|Any CPU
		{39318DD6-B2DA-4E9A-A388-63DDB6A16AB1}.Debug|Any CPU.Build.0 = Debug|Any CPU
		{39318DD6-B2DA-4E9A-A388-63DDB6A16AB1}.Release|Any CPU.ActiveCfg = Release|Any CPU
		{39318DD6-B2DA-4E9A-A388-63DDB6A16AB1}.Release|Any CPU.Build.0 = Release|Any CPU
		{4AFF4CCB-2906-4898-BDA5-ED589550DC93}.Debug|Any CPU.ActiveCfg = Debug|Any CPU
		{4AFF4CCB-2906-4898-BDA5-ED589550DC93}.Debug|Any CPU.Build.0 = Debug|Any CPU
		{4AFF4CCB-2906-4898-BDA5-ED589550DC93}.Release|Any CPU.ActiveCfg = Release|Any CPU
		{4AFF4CCB-2906-4898-BDA5-ED589550DC93}.Release|Any CPU.Build.0 = Release|Any CPU
		{979391C6-46CB-48C2-972F-A89E0A53597B}.Debug|Any CPU.ActiveCfg = Debug|Any CPU
		{979391C6-46CB-48C2-972F-A89E0A53597B}.Debug|Any CPU.Build.0 = Debug|Any CPU
		{979391C6-46CB-48C2-972F-A89E0A53597B}.Release|Any CPU.ActiveCfg = Release|Any CPU
		{979391C6-46CB-48C2-972F-A89E0A53597B}.Release|Any CPU.Build.0 = Release|Any CPU
		{06FF5964-74EF-4EB5-80C6-BFF53DD05C21}.Debug|Any CPU.ActiveCfg = Debug|Any CPU
		{06FF5964-74EF-4EB5-80C6-BFF53DD05C21}.Debug|Any CPU.Build.0 = Debug|Any CPU
		{06FF5964-74EF-4EB5-80C6-BFF53DD05C21}.Release|Any CPU.ActiveCfg = Release|Any CPU
		{06FF5964-74EF-4EB5-80C6-BFF53DD05C21}.Release|Any CPU.Build.0 = Release|Any CPU
		{2A350227-528A-4861-AEF6-3FA6B2AE1719}.Debug|Any CPU.ActiveCfg = Debug|Any CPU
		{2A350227-528A-4861-AEF6-3FA6B2AE1719}.Debug|Any CPU.Build.0 = Debug|Any CPU
		{2A350227-528A-4861-AEF6-3FA6B2AE1719}.Release|Any CPU.ActiveCfg = Release|Any CPU
		{2A350227-528A-4861-AEF6-3FA6B2AE1719}.Release|Any CPU.Build.0 = Release|Any CPU
		{E0EC0261-CEFE-4E7B-BC40-33A6B5F07225}.Debug|Any CPU.ActiveCfg = Debug|Any CPU
		{E0EC0261-CEFE-4E7B-BC40-33A6B5F07225}.Debug|Any CPU.Build.0 = Debug|Any CPU
		{E0EC0261-CEFE-4E7B-BC40-33A6B5F07225}.Release|Any CPU.ActiveCfg = Release|Any CPU
		{E0EC0261-CEFE-4E7B-BC40-33A6B5F07225}.Release|Any CPU.Build.0 = Release|Any CPU
		{2D9DDAB5-526D-40C9-883D-62D1C6D3A581}.Debug|Any CPU.ActiveCfg = Debug|Any CPU
		{2D9DDAB5-526D-40C9-883D-62D1C6D3A581}.Debug|Any CPU.Build.0 = Debug|Any CPU
		{2D9DDAB5-526D-40C9-883D-62D1C6D3A581}.Release|Any CPU.ActiveCfg = Release|Any CPU
		{2D9DDAB5-526D-40C9-883D-62D1C6D3A581}.Release|Any CPU.Build.0 = Release|Any CPU
		{683757F5-49D0-4585-BB89-29052BDBD9FE}.Debug|Any CPU.ActiveCfg = Debug|Any CPU
		{683757F5-49D0-4585-BB89-29052BDBD9FE}.Debug|Any CPU.Build.0 = Debug|Any CPU
		{683757F5-49D0-4585-BB89-29052BDBD9FE}.Release|Any CPU.ActiveCfg = Release|Any CPU
		{683757F5-49D0-4585-BB89-29052BDBD9FE}.Release|Any CPU.Build.0 = Release|Any CPU
	EndGlobalSection
	GlobalSection(SolutionProperties) = preSolution
		HideSolutionNode = FALSE
	EndGlobalSection
	GlobalSection(NestedProjects) = preSolution
		{1D60BBAF-15AC-42C9-B6B2-42567742ACF2} = {616BF15D-0A4D-4B77-8677-F46D932551D5}
		{87395334-F33B-44F5-ADED-27EE6203228B} = {616BF15D-0A4D-4B77-8677-F46D932551D5}
		{B7E6967A-1954-403C-A308-F0C2BC4B65E3} = {616BF15D-0A4D-4B77-8677-F46D932551D5}
		{F7AC4A7C-AE4B-48E5-98B0-80145F478364} = {616BF15D-0A4D-4B77-8677-F46D932551D5}
		{5680F88E-6D90-4F9A-9201-F49EE8969E82} = {142BF624-971D-40B7-AAA9-2DE7573D8E3C}
		{02380FC1-6F91-4109-97A9-65B50A651610} = {142BF624-971D-40B7-AAA9-2DE7573D8E3C}
		{005F45E4-EFAE-4617-B666-5B04E17AEDAB} = {142BF624-971D-40B7-AAA9-2DE7573D8E3C}
		{87800B1B-18B3-44AD-BB1C-08636BFF76CC} = {142BF624-971D-40B7-AAA9-2DE7573D8E3C}
		{5AABD420-41BC-41FA-B211-7A5C0FC4465F} = {142BF624-971D-40B7-AAA9-2DE7573D8E3C}
		{2794667E-03E6-4D10-88AB-909C61B47AE9} = {142BF624-971D-40B7-AAA9-2DE7573D8E3C}
		{E0C906F0-621D-4185-9509-6618E3522D9B} = {142BF624-971D-40B7-AAA9-2DE7573D8E3C}
		{0995F328-93D6-4650-B775-5D0B75F41FAF} = {142BF624-971D-40B7-AAA9-2DE7573D8E3C}
		{7FA438AD-EB27-4C2D-94F6-243C1F7525DF} = {142BF624-971D-40B7-AAA9-2DE7573D8E3C}
		{C6C773DD-4DF0-4F7C-B536-168BF3DCAD37} = {142BF624-971D-40B7-AAA9-2DE7573D8E3C}
		{48F2FC15-D9FD-43B9-81F3-16E75DA7001B} = {142BF624-971D-40B7-AAA9-2DE7573D8E3C}
		{87ED6229-D304-4E14-96CD-A199A0416030} = {142BF624-971D-40B7-AAA9-2DE7573D8E3C}
		{A02CB025-7611-4A1F-A332-CF6DEB645C00} = {E0C99CB7-5B22-450E-B081-7D9F4C60366B}
		{52513F54-F8FC-4542-A5E7-51D563E664FB} = {E0C99CB7-5B22-450E-B081-7D9F4C60366B}
		{60F06890-0F36-4419-B323-E0474AF827D2} = {E0C99CB7-5B22-450E-B081-7D9F4C60366B}
		{61A70B3D-140C-4B7F-90E8-6A680ECC3FD3} = {E0C99CB7-5B22-450E-B081-7D9F4C60366B}
		{4580AB65-C35C-47B4-8CF1-5F12F574153D} = {E0C99CB7-5B22-450E-B081-7D9F4C60366B}
		{5355F2F6-C96D-4E21-92BA-2C15FAFB7D6B} = {E0C99CB7-5B22-450E-B081-7D9F4C60366B}
		{BCBF546F-9B97-4B75-9D99-59384BEAF625} = {E0C99CB7-5B22-450E-B081-7D9F4C60366B}
		{998367E8-08E8-4B00-BCD6-5AF1A4F2DA7A} = {E0C99CB7-5B22-450E-B081-7D9F4C60366B}
		{BD39E017-B908-4180-98BC-054516AB914A} = {E0C99CB7-5B22-450E-B081-7D9F4C60366B}
		{3F31EE8F-E4DD-473E-ADB1-E8B6474AE687} = {E0C99CB7-5B22-450E-B081-7D9F4C60366B}
		{423ADD30-53A9-4A95-B308-06E945E3C908} = {A6F62230-5F98-43FE-9871-DD59A0EC0352}
		{134F1352-F933-4618-B4AD-40B73120A8F3} = {A6F62230-5F98-43FE-9871-DD59A0EC0352}
		{4969A066-B9E8-45DA-9D70-61525FF98A77} = {A6F62230-5F98-43FE-9871-DD59A0EC0352}
		{78C9845E-B639-4034-B343-C1D121596F45} = {A6F62230-5F98-43FE-9871-DD59A0EC0352}
		{FA922288-788E-438E-BE3D-2805322C0364} = {A6F62230-5F98-43FE-9871-DD59A0EC0352}
		{FD3C6E58-B301-420F-A49B-9A536C4D4C38} = {A6F62230-5F98-43FE-9871-DD59A0EC0352}
		{684111C4-F513-4358-BF64-6B776E75C56E} = {A6F62230-5F98-43FE-9871-DD59A0EC0352}
		{F3AA9444-980B-4C74-BE8E-871462503CF6} = {A6F62230-5F98-43FE-9871-DD59A0EC0352}
		{196B03A6-E8DB-4ED4-9DA3-04FEC2C6A528} = {A6F62230-5F98-43FE-9871-DD59A0EC0352}
		{7B4141D5-5399-47D4-A7B2-F5DBA11BBEA7} = {A6F62230-5F98-43FE-9871-DD59A0EC0352}
		{07CEB646-BA12-4970-9192-DF6525F39063} = {A6F62230-5F98-43FE-9871-DD59A0EC0352}
		{0B2F76E9-AA5D-430D-B3C9-586063BEE366} = {BCAB7275-9BA3-448B-AD47-37FE267CA647}
		{B609F2DA-6DF9-481F-9F92-3124EB7E06E8} = {BCAB7275-9BA3-448B-AD47-37FE267CA647}
		{28F21F4A-19C6-46A1-97A3-AEF54A0221FE} = {BCAB7275-9BA3-448B-AD47-37FE267CA647}
		{29877D68-1731-4268-A58F-AAE5DC160244} = {BCAB7275-9BA3-448B-AD47-37FE267CA647}
		{FD4814BB-0D12-4F31-A18F-74BC05BBCF64} = {BCAB7275-9BA3-448B-AD47-37FE267CA647}
		{84B1CFD8-B754-48A6-9ECC-68B0387DA9A5} = {BCAB7275-9BA3-448B-AD47-37FE267CA647}
		{A219FFD9-07BD-412B-A825-9DF26323C3B4} = {BCAB7275-9BA3-448B-AD47-37FE267CA647}
		{4066F122-6C1A-4540-83A2-89E42BDDD4F9} = {BCAB7275-9BA3-448B-AD47-37FE267CA647}
		{7E028356-0ED0-4385-83FA-A1CCC7A365DD} = {E89B6C78-EE94-498D-8BCA-107D81686769}
		{F953504A-569D-47D2-811C-8A85A8CC0EDC} = {E89B6C78-EE94-498D-8BCA-107D81686769}
		{92853301-4058-4A04-87AB-E3C0E9172873} = {E89B6C78-EE94-498D-8BCA-107D81686769}
		{E817D997-6282-4046-BA7D-D4FF2B06A151} = {E89B6C78-EE94-498D-8BCA-107D81686769}
		{554CAA42-FD79-4C12-9000-22565974CDBE} = {D93940E7-021E-4AD9-8C3C-BA30B3469E96}
		{40BD8B3A-F56D-45B2-9AA8-8713E52EAA64} = {78EA75F4-D620-433E-93E3-B8B51478D1C6}
		{B214A67B-B418-4D0D-BCDB-A8AF2BA4628D} = {78EA75F4-D620-433E-93E3-B8B51478D1C6}
		{B764C0C3-C736-4DE3-B031-8493241A16F9} = {78EA75F4-D620-433E-93E3-B8B51478D1C6}
		{39318DD6-B2DA-4E9A-A388-63DDB6A16AB1} = {78EA75F4-D620-433E-93E3-B8B51478D1C6}
		{4AFF4CCB-2906-4898-BDA5-ED589550DC93} = {78EA75F4-D620-433E-93E3-B8B51478D1C6}
		{979391C6-46CB-48C2-972F-A89E0A53597B} = {78EA75F4-D620-433E-93E3-B8B51478D1C6}
		{06FF5964-74EF-4EB5-80C6-BFF53DD05C21} = {3B503F88-C90D-4B22-8D43-3719F7D82344}
		{2A350227-528A-4861-AEF6-3FA6B2AE1719} = {3B503F88-C90D-4B22-8D43-3719F7D82344}
		{E0EC0261-CEFE-4E7B-BC40-33A6B5F07225} = {3B503F88-C90D-4B22-8D43-3719F7D82344}
		{2D9DDAB5-526D-40C9-883D-62D1C6D3A581} = {3B503F88-C90D-4B22-8D43-3719F7D82344}
		{683757F5-49D0-4585-BB89-29052BDBD9FE} = {3B503F88-C90D-4B22-8D43-3719F7D82344}
	EndGlobalSection
	GlobalSection(ExtensibilityGlobals) = postSolution
		SolutionGuid = {C41261C3-8F7B-4B6F-BA88-2CC1174C878B}
	EndGlobalSection
EndGlobal
