
Microsoft Visual Studio Solution File, Format Version 12.00
# Visual Studio Version 16
VisualStudioVersion = 16.0.32802.440
MinimumVisualStudioVersion = 10.0.40219.1
Project("{2150E333-8FDC-42A3-9474-1A3956D46DE8}") = "논리연산", "논리연산", "{616BF15D-0A4D-4B77-8677-F46D932551D5}"
EndProject
Project("{FAE04EC0-301F-11D3-BF4B-00C04F79EFBC}") = "Quadrant", "Quadrant\Quadrant.csproj", "{1D60BBAF-15AC-42C9-B6B2-42567742ACF2}"
EndProject
Project("{FAE04EC0-301F-11D3-BF4B-00C04F79EFBC}") = "AlarmClock", "AlarmClock\AlarmClock.csproj", "{87395334-F33B-44F5-ADED-27EE6203228B}"
EndProject
Project("{FAE04EC0-301F-11D3-BF4B-00C04F79EFBC}") = "OvenClock", "OvenClock\OvenClock.csproj", "{B7E6967A-1954-403C-A308-F0C2BC4B65E3}"
EndProject
Project("{FAE04EC0-301F-11D3-BF4B-00C04F79EFBC}") = "ThreeDice", "ThreeDice\ThreeDice.csproj", "{F7AC4A7C-AE4B-48E5-98B0-80145F478364}"
EndProject
Project("{2150E333-8FDC-42A3-9474-1A3956D46DE8}") = "반복문", "반복문", "{142BF624-971D-40B7-AAA9-2DE7573D8E3C}"
EndProject
Project("{FAE04EC0-301F-11D3-BF4B-00C04F79EFBC}") = "gugudan", "gugudan\gugudan.csproj", "{5680F88E-6D90-4F9A-9201-F49EE8969E82}"
EndProject
Project("{FAE04EC0-301F-11D3-BF4B-00C04F79EFBC}") = "AB_Sum", "AB_Sum\AB_Sum.csproj", "{02380FC1-6F91-4109-97A9-65B50A651610}"
EndProject
Project("{FAE04EC0-301F-11D3-BF4B-00C04F79EFBC}") = "N_Sum", "N_Sum\N_Sum.csproj", "{005F45E4-EFAE-4617-B666-5B04E17AEDAB}"
EndProject
Project("{FAE04EC0-301F-11D3-BF4B-00C04F79EFBC}") = "Receipt", "Receipt\Receipt.csproj", "{87800B1B-18B3-44AD-BB1C-08636BFF76CC}"
EndProject
Project("{FAE04EC0-301F-11D3-BF4B-00C04F79EFBC}") = "LongLongInt", "LongLongInt\LongLongInt.csproj", "{5AABD420-41BC-41FA-B211-7A5C0FC4465F}"
EndProject
Project("{FAE04EC0-301F-11D3-BF4B-00C04F79EFBC}") = "FastSum", "FastSum\FastSum.csproj", "{2794667E-03E6-4D10-88AB-909C61B47AE9}"
EndProject
Project("{FAE04EC0-301F-11D3-BF4B-00C04F79EFBC}") = "AB_Sum2", "AB_Sum2\AB_Sum2.csproj", "{E0C906F0-621D-4185-9509-6618E3522D9B}"
EndProject
Project("{FAE04EC0-301F-11D3-BF4B-00C04F79EFBC}") = "AB_Sum3", "AB_Sum3\AB_Sum3.csproj", "{0995F328-93D6-4650-B775-5D0B75F41FAF}"
EndProject
Project("{FAE04EC0-301F-11D3-BF4B-00C04F79EFBC}") = "Star1", "Star1\Star1.csproj", "{7FA438AD-EB27-4C2D-94F6-243C1F7525DF}"
EndProject
Project("{FAE04EC0-301F-11D3-BF4B-00C04F79EFBC}") = "Star2", "Star2\Star2.csproj", "{C6C773DD-4DF0-4F7C-B536-168BF3DCAD37}"
EndProject
Project("{FAE04EC0-301F-11D3-BF4B-00C04F79EFBC}") = "AB_Sum5", "AB_Sum5\AB_Sum5.csproj", "{48F2FC15-D9FD-43B9-81F3-16E75DA7001B}"
EndProject
Project("{FAE04EC0-301F-11D3-BF4B-00C04F79EFBC}") = "AB_Sum4", "AB_Sum4\AB_Sum4.csproj", "{87ED6229-D304-4E14-96CD-A199A0416030}"
EndProject
Project("{2150E333-8FDC-42A3-9474-1A3956D46DE8}") = "1차원배열", "1차원배열", "{E0C99CB7-5B22-450E-B081-7D9F4C60366B}"
EndProject
Project("{FAE04EC0-301F-11D3-BF4B-00C04F79EFBC}") = "CountCheck", "CountCheck\CountCheck.csproj", "{A02CB025-7611-4A1F-A332-CF6DEB645C00}"
EndProject
Project("{FAE04EC0-301F-11D3-BF4B-00C04F79EFBC}") = "SmallerX", "SmallerX\SmallerX.csproj", "{52513F54-F8FC-4542-A5E7-51D563E664FB}"
EndProject
Project("{FAE04EC0-301F-11D3-BF4B-00C04F79EFBC}") = "MinMaxNumber", "MinMaxNumber\MinMaxNumber.csproj", "{60F06890-0F36-4419-B323-E0474AF827D2}"
EndProject
Project("{FAE04EC0-301F-11D3-BF4B-00C04F79EFBC}") = "MaxValue", "MaxValue\MaxValue.csproj", "{61A70B3D-140C-4B7F-90E8-6A680ECC3FD3}"
EndProject
Project("{FAE04EC0-301F-11D3-BF4B-00C04F79EFBC}") = "BallGoal", "BallGoal\BallGoal.csproj", "{4580AB65-C35C-47B4-8CF1-5F12F574153D}"
EndProject
Project("{FAE04EC0-301F-11D3-BF4B-00C04F79EFBC}") = "BallChange", "BallChange\BallChange.csproj", "{5355F2F6-C96D-4E21-92BA-2C15FAFB7D6B}"
EndProject
Project("{FAE04EC0-301F-11D3-BF4B-00C04F79EFBC}") = "NotGiveHomework", "NotGiveHomework\NotGiveHomework.csproj", "{BCBF546F-9B97-4B75-9D99-59384BEAF625}"
EndProject
Project("{FAE04EC0-301F-11D3-BF4B-00C04F79EFBC}") = "Remain", "Remain\Remain.csproj", "{998367E8-08E8-4B00-BCD6-5AF1A4F2DA7A}"
EndProject
Project("{FAE04EC0-301F-11D3-BF4B-00C04F79EFBC}") = "BasketReverse", "BasketReverse\BasketReverse.csproj", "{BD39E017-B908-4180-98BC-054516AB914A}"
EndProject
Project("{FAE04EC0-301F-11D3-BF4B-00C04F79EFBC}") = "Average", "Average\Average.csproj", "{3F31EE8F-E4DD-473E-ADB1-E8B6474AE687}"
EndProject
Project("{2150E333-8FDC-42A3-9474-1A3956D46DE8}") = "문자열", "문자열", "{A6F62230-5F98-43FE-9871-DD59A0EC0352}"
EndProject
Project("{FAE04EC0-301F-11D3-BF4B-00C04F79EFBC}") = "CharWithString", "CharWithString\CharWithString.csproj", "{423ADD30-53A9-4A95-B308-06E945E3C908}"
EndProject
Project("{FAE04EC0-301F-11D3-BF4B-00C04F79EFBC}") = "WordLength", "WordLength\WordLength.csproj", "{134F1352-F933-4618-B4AD-40B73120A8F3}"
EndProject
Project("{FAE04EC0-301F-11D3-BF4B-00C04F79EFBC}") = "FirstLastChar", "FirstLastChar\FirstLastChar.csproj", "{4969A066-B9E8-45DA-9D70-61525FF98A77}"
EndProject
Project("{FAE04EC0-301F-11D3-BF4B-00C04F79EFBC}") = "ASCIICode", "ASCIICode\ASCIICode.csproj", "{78C9845E-B639-4034-B343-C1D121596F45}"
EndProject
Project("{FAE04EC0-301F-11D3-BF4B-00C04F79EFBC}") = "NumberSum", "NumberSum\NumberSum.csproj", "{FA922288-788E-438E-BE3D-2805322C0364}"
EndProject
Project("{FAE04EC0-301F-11D3-BF4B-00C04F79EFBC}") = "FindAlphabet", "FindAlphabet\FindAlphabet.csproj", "{FD3C6E58-B301-420F-A49B-9A536C4D4C38}"
EndProject
Project("{FAE04EC0-301F-11D3-BF4B-00C04F79EFBC}") = "StringRepeat", "StringRepeat\StringRepeat.csproj", "{684111C4-F513-4358-BF64-6B776E75C56E}"
EndProject
Project("{FAE04EC0-301F-11D3-BF4B-00C04F79EFBC}") = "WordCounts", "WordCounts\WordCounts.csproj", "{F3AA9444-980B-4C74-BE8E-871462503CF6}"
EndProject
Project("{FAE04EC0-301F-11D3-BF4B-00C04F79EFBC}") = "Sangsu", "Sangsu\Sangsu.csproj", "{196B03A6-E8DB-4ED4-9DA3-04FEC2C6A528}"
EndProject
Global
	GlobalSection(SolutionConfigurationPlatforms) = preSolution
		Debug|Any CPU = Debug|Any CPU
		Release|Any CPU = Release|Any CPU
	EndGlobalSection
	GlobalSection(ProjectConfigurationPlatforms) = postSolution
		{1D60BBAF-15AC-42C9-B6B2-42567742ACF2}.Debug|Any CPU.ActiveCfg = Debug|Any CPU
		{1D60BBAF-15AC-42C9-B6B2-42567742ACF2}.Debug|Any CPU.Build.0 = Debug|Any CPU
		{1D60BBAF-15AC-42C9-B6B2-42567742ACF2}.Release|Any CPU.ActiveCfg = Release|Any CPU
		{1D60BBAF-15AC-42C9-B6B2-42567742ACF2}.Release|Any CPU.Build.0 = Release|Any CPU
		{87395334-F33B-44F5-ADED-27EE6203228B}.Debug|Any CPU.ActiveCfg = Debug|Any CPU
		{87395334-F33B-44F5-ADED-27EE6203228B}.Debug|Any CPU.Build.0 = Debug|Any CPU
		{87395334-F33B-44F5-ADED-27EE6203228B}.Release|Any CPU.ActiveCfg = Release|Any CPU
		{87395334-F33B-44F5-ADED-27EE6203228B}.Release|Any CPU.Build.0 = Release|Any CPU
		{B7E6967A-1954-403C-A308-F0C2BC4B65E3}.Debug|Any CPU.ActiveCfg = Debug|Any CPU
		{B7E6967A-1954-403C-A308-F0C2BC4B65E3}.Debug|Any CPU.Build.0 = Debug|Any CPU
		{B7E6967A-1954-403C-A308-F0C2BC4B65E3}.Release|Any CPU.ActiveCfg = Release|Any CPU
		{B7E6967A-1954-403C-A308-F0C2BC4B65E3}.Release|Any CPU.Build.0 = Release|Any CPU
		{F7AC4A7C-AE4B-48E5-98B0-80145F478364}.Debug|Any CPU.ActiveCfg = Debug|Any CPU
		{F7AC4A7C-AE4B-48E5-98B0-80145F478364}.Debug|Any CPU.Build.0 = Debug|Any CPU
		{F7AC4A7C-AE4B-48E5-98B0-80145F478364}.Release|Any CPU.ActiveCfg = Release|Any CPU
		{F7AC4A7C-AE4B-48E5-98B0-80145F478364}.Release|Any CPU.Build.0 = Release|Any CPU
		{5680F88E-6D90-4F9A-9201-F49EE8969E82}.Debug|Any CPU.ActiveCfg = Debug|Any CPU
		{5680F88E-6D90-4F9A-9201-F49EE8969E82}.Debug|Any CPU.Build.0 = Debug|Any CPU
		{5680F88E-6D90-4F9A-9201-F49EE8969E82}.Release|Any CPU.ActiveCfg = Release|Any CPU
		{5680F88E-6D90-4F9A-9201-F49EE8969E82}.Release|Any CPU.Build.0 = Release|Any CPU
		{02380FC1-6F91-4109-97A9-65B50A651610}.Debug|Any CPU.ActiveCfg = Debug|Any CPU
		{02380FC1-6F91-4109-97A9-65B50A651610}.Debug|Any CPU.Build.0 = Debug|Any CPU
		{02380FC1-6F91-4109-97A9-65B50A651610}.Release|Any CPU.ActiveCfg = Release|Any CPU
		{02380FC1-6F91-4109-97A9-65B50A651610}.Release|Any CPU.Build.0 = Release|Any CPU
		{005F45E4-EFAE-4617-B666-5B04E17AEDAB}.Debug|Any CPU.ActiveCfg = Debug|Any CPU
		{005F45E4-EFAE-4617-B666-5B04E17AEDAB}.Debug|Any CPU.Build.0 = Debug|Any CPU
		{005F45E4-EFAE-4617-B666-5B04E17AEDAB}.Release|Any CPU.ActiveCfg = Release|Any CPU
		{005F45E4-EFAE-4617-B666-5B04E17AEDAB}.Release|Any CPU.Build.0 = Release|Any CPU
		{87800B1B-18B3-44AD-BB1C-08636BFF76CC}.Debug|Any CPU.ActiveCfg = Debug|Any CPU
		{87800B1B-18B3-44AD-BB1C-08636BFF76CC}.Debug|Any CPU.Build.0 = Debug|Any CPU
		{87800B1B-18B3-44AD-BB1C-08636BFF76CC}.Release|Any CPU.ActiveCfg = Release|Any CPU
		{87800B1B-18B3-44AD-BB1C-08636BFF76CC}.Release|Any CPU.Build.0 = Release|Any CPU
		{5AABD420-41BC-41FA-B211-7A5C0FC4465F}.Debug|Any CPU.ActiveCfg = Debug|Any CPU
		{5AABD420-41BC-41FA-B211-7A5C0FC4465F}.Debug|Any CPU.Build.0 = Debug|Any CPU
		{5AABD420-41BC-41FA-B211-7A5C0FC4465F}.Release|Any CPU.ActiveCfg = Release|Any CPU
		{5AABD420-41BC-41FA-B211-7A5C0FC4465F}.Release|Any CPU.Build.0 = Release|Any CPU
		{2794667E-03E6-4D10-88AB-909C61B47AE9}.Debug|Any CPU.ActiveCfg = Debug|Any CPU
		{2794667E-03E6-4D10-88AB-909C61B47AE9}.Debug|Any CPU.Build.0 = Debug|Any CPU
		{2794667E-03E6-4D10-88AB-909C61B47AE9}.Release|Any CPU.ActiveCfg = Release|Any CPU
		{2794667E-03E6-4D10-88AB-909C61B47AE9}.Release|Any CPU.Build.0 = Release|Any CPU
		{E0C906F0-621D-4185-9509-6618E3522D9B}.Debug|Any CPU.ActiveCfg = Debug|Any CPU
		{E0C906F0-621D-4185-9509-6618E3522D9B}.Debug|Any CPU.Build.0 = Debug|Any CPU
		{E0C906F0-621D-4185-9509-6618E3522D9B}.Release|Any CPU.ActiveCfg = Release|Any CPU
		{E0C906F0-621D-4185-9509-6618E3522D9B}.Release|Any CPU.Build.0 = Release|Any CPU
		{0995F328-93D6-4650-B775-5D0B75F41FAF}.Debug|Any CPU.ActiveCfg = Debug|Any CPU
		{0995F328-93D6-4650-B775-5D0B75F41FAF}.Debug|Any CPU.Build.0 = Debug|Any CPU
		{0995F328-93D6-4650-B775-5D0B75F41FAF}.Release|Any CPU.ActiveCfg = Release|Any CPU
		{0995F328-93D6-4650-B775-5D0B75F41FAF}.Release|Any CPU.Build.0 = Release|Any CPU
		{7FA438AD-EB27-4C2D-94F6-243C1F7525DF}.Debug|Any CPU.ActiveCfg = Debug|Any CPU
		{7FA438AD-EB27-4C2D-94F6-243C1F7525DF}.Debug|Any CPU.Build.0 = Debug|Any CPU
		{7FA438AD-EB27-4C2D-94F6-243C1F7525DF}.Release|Any CPU.ActiveCfg = Release|Any CPU
		{7FA438AD-EB27-4C2D-94F6-243C1F7525DF}.Release|Any CPU.Build.0 = Release|Any CPU
		{C6C773DD-4DF0-4F7C-B536-168BF3DCAD37}.Debug|Any CPU.ActiveCfg = Debug|Any CPU
		{C6C773DD-4DF0-4F7C-B536-168BF3DCAD37}.Debug|Any CPU.Build.0 = Debug|Any CPU
		{C6C773DD-4DF0-4F7C-B536-168BF3DCAD37}.Release|Any CPU.ActiveCfg = Release|Any CPU
		{C6C773DD-4DF0-4F7C-B536-168BF3DCAD37}.Release|Any CPU.Build.0 = Release|Any CPU
		{48F2FC15-D9FD-43B9-81F3-16E75DA7001B}.Debug|Any CPU.ActiveCfg = Debug|Any CPU
		{48F2FC15-D9FD-43B9-81F3-16E75DA7001B}.Debug|Any CPU.Build.0 = Debug|Any CPU
		{48F2FC15-D9FD-43B9-81F3-16E75DA7001B}.Release|Any CPU.ActiveCfg = Release|Any CPU
		{48F2FC15-D9FD-43B9-81F3-16E75DA7001B}.Release|Any CPU.Build.0 = Release|Any CPU
		{87ED6229-D304-4E14-96CD-A199A0416030}.Debug|Any CPU.ActiveCfg = Debug|Any CPU
		{87ED6229-D304-4E14-96CD-A199A0416030}.Debug|Any CPU.Build.0 = Debug|Any CPU
		{87ED6229-D304-4E14-96CD-A199A0416030}.Release|Any CPU.ActiveCfg = Release|Any CPU
		{87ED6229-D304-4E14-96CD-A199A0416030}.Release|Any CPU.Build.0 = Release|Any CPU
		{A02CB025-7611-4A1F-A332-CF6DEB645C00}.Debug|Any CPU.ActiveCfg = Debug|Any CPU
		{A02CB025-7611-4A1F-A332-CF6DEB645C00}.Debug|Any CPU.Build.0 = Debug|Any CPU
		{A02CB025-7611-4A1F-A332-CF6DEB645C00}.Release|Any CPU.ActiveCfg = Release|Any CPU
		{A02CB025-7611-4A1F-A332-CF6DEB645C00}.Release|Any CPU.Build.0 = Release|Any CPU
		{52513F54-F8FC-4542-A5E7-51D563E664FB}.Debug|Any CPU.ActiveCfg = Debug|Any CPU
		{52513F54-F8FC-4542-A5E7-51D563E664FB}.Debug|Any CPU.Build.0 = Debug|Any CPU
		{52513F54-F8FC-4542-A5E7-51D563E664FB}.Release|Any CPU.ActiveCfg = Release|Any CPU
		{52513F54-F8FC-4542-A5E7-51D563E664FB}.Release|Any CPU.Build.0 = Release|Any CPU
		{60F06890-0F36-4419-B323-E0474AF827D2}.Debug|Any CPU.ActiveCfg = Debug|Any CPU
		{60F06890-0F36-4419-B323-E0474AF827D2}.Debug|Any CPU.Build.0 = Debug|Any CPU
		{60F06890-0F36-4419-B323-E0474AF827D2}.Release|Any CPU.ActiveCfg = Release|Any CPU
		{60F06890-0F36-4419-B323-E0474AF827D2}.Release|Any CPU.Build.0 = Release|Any CPU
		{61A70B3D-140C-4B7F-90E8-6A680ECC3FD3}.Debug|Any CPU.ActiveCfg = Debug|Any CPU
		{61A70B3D-140C-4B7F-90E8-6A680ECC3FD3}.Debug|Any CPU.Build.0 = Debug|Any CPU
		{61A70B3D-140C-4B7F-90E8-6A680ECC3FD3}.Release|Any CPU.ActiveCfg = Release|Any CPU
		{61A70B3D-140C-4B7F-90E8-6A680ECC3FD3}.Release|Any CPU.Build.0 = Release|Any CPU
		{4580AB65-C35C-47B4-8CF1-5F12F574153D}.Debug|Any CPU.ActiveCfg = Debug|Any CPU
		{4580AB65-C35C-47B4-8CF1-5F12F574153D}.Debug|Any CPU.Build.0 = Debug|Any CPU
		{4580AB65-C35C-47B4-8CF1-5F12F574153D}.Release|Any CPU.ActiveCfg = Release|Any CPU
		{4580AB65-C35C-47B4-8CF1-5F12F574153D}.Release|Any CPU.Build.0 = Release|Any CPU
		{5355F2F6-C96D-4E21-92BA-2C15FAFB7D6B}.Debug|Any CPU.ActiveCfg = Debug|Any CPU
		{5355F2F6-C96D-4E21-92BA-2C15FAFB7D6B}.Debug|Any CPU.Build.0 = Debug|Any CPU
		{5355F2F6-C96D-4E21-92BA-2C15FAFB7D6B}.Release|Any CPU.ActiveCfg = Release|Any CPU
		{5355F2F6-C96D-4E21-92BA-2C15FAFB7D6B}.Release|Any CPU.Build.0 = Release|Any CPU
		{BCBF546F-9B97-4B75-9D99-59384BEAF625}.Debug|Any CPU.ActiveCfg = Debug|Any CPU
		{BCBF546F-9B97-4B75-9D99-59384BEAF625}.Debug|Any CPU.Build.0 = Debug|Any CPU
		{BCBF546F-9B97-4B75-9D99-59384BEAF625}.Release|Any CPU.ActiveCfg = Release|Any CPU
		{BCBF546F-9B97-4B75-9D99-59384BEAF625}.Release|Any CPU.Build.0 = Release|Any CPU
		{998367E8-08E8-4B00-BCD6-5AF1A4F2DA7A}.Debug|Any CPU.ActiveCfg = Debug|Any CPU
		{998367E8-08E8-4B00-BCD6-5AF1A4F2DA7A}.Debug|Any CPU.Build.0 = Debug|Any CPU
		{998367E8-08E8-4B00-BCD6-5AF1A4F2DA7A}.Release|Any CPU.ActiveCfg = Release|Any CPU
		{998367E8-08E8-4B00-BCD6-5AF1A4F2DA7A}.Release|Any CPU.Build.0 = Release|Any CPU
		{BD39E017-B908-4180-98BC-054516AB914A}.Debug|Any CPU.ActiveCfg = Debug|Any CPU
		{BD39E017-B908-4180-98BC-054516AB914A}.Debug|Any CPU.Build.0 = Debug|Any CPU
		{BD39E017-B908-4180-98BC-054516AB914A}.Release|Any CPU.ActiveCfg = Release|Any CPU
		{BD39E017-B908-4180-98BC-054516AB914A}.Release|Any CPU.Build.0 = Release|Any CPU
		{3F31EE8F-E4DD-473E-ADB1-E8B6474AE687}.Debug|Any CPU.ActiveCfg = Debug|Any CPU
		{3F31EE8F-E4DD-473E-ADB1-E8B6474AE687}.Debug|Any CPU.Build.0 = Debug|Any CPU
		{3F31EE8F-E4DD-473E-ADB1-E8B6474AE687}.Release|Any CPU.ActiveCfg = Release|Any CPU
		{3F31EE8F-E4DD-473E-ADB1-E8B6474AE687}.Release|Any CPU.Build.0 = Release|Any CPU
		{423ADD30-53A9-4A95-B308-06E945E3C908}.Debug|Any CPU.ActiveCfg = Debug|Any CPU
		{423ADD30-53A9-4A95-B308-06E945E3C908}.Debug|Any CPU.Build.0 = Debug|Any CPU
		{423ADD30-53A9-4A95-B308-06E945E3C908}.Release|Any CPU.ActiveCfg = Release|Any CPU
		{423ADD30-53A9-4A95-B308-06E945E3C908}.Release|Any CPU.Build.0 = Release|Any CPU
		{134F1352-F933-4618-B4AD-40B73120A8F3}.Debug|Any CPU.ActiveCfg = Debug|Any CPU
		{134F1352-F933-4618-B4AD-40B73120A8F3}.Debug|Any CPU.Build.0 = Debug|Any CPU
		{134F1352-F933-4618-B4AD-40B73120A8F3}.Release|Any CPU.ActiveCfg = Release|Any CPU
		{134F1352-F933-4618-B4AD-40B73120A8F3}.Release|Any CPU.Build.0 = Release|Any CPU
		{4969A066-B9E8-45DA-9D70-61525FF98A77}.Debug|Any CPU.ActiveCfg = Debug|Any CPU
		{4969A066-B9E8-45DA-9D70-61525FF98A77}.Debug|Any CPU.Build.0 = Debug|Any CPU
		{4969A066-B9E8-45DA-9D70-61525FF98A77}.Release|Any CPU.ActiveCfg = Release|Any CPU
		{4969A066-B9E8-45DA-9D70-61525FF98A77}.Release|Any CPU.Build.0 = Release|Any CPU
		{78C9845E-B639-4034-B343-C1D121596F45}.Debug|Any CPU.ActiveCfg = Debug|Any CPU
		{78C9845E-B639-4034-B343-C1D121596F45}.Debug|Any CPU.Build.0 = Debug|Any CPU
		{78C9845E-B639-4034-B343-C1D121596F45}.Release|Any CPU.ActiveCfg = Release|Any CPU
		{78C9845E-B639-4034-B343-C1D121596F45}.Release|Any CPU.Build.0 = Release|Any CPU
		{FA922288-788E-438E-BE3D-2805322C0364}.Debug|Any CPU.ActiveCfg = Debug|Any CPU
		{FA922288-788E-438E-BE3D-2805322C0364}.Debug|Any CPU.Build.0 = Debug|Any CPU
		{FA922288-788E-438E-BE3D-2805322C0364}.Release|Any CPU.ActiveCfg = Release|Any CPU
		{FA922288-788E-438E-BE3D-2805322C0364}.Release|Any CPU.Build.0 = Release|Any CPU
		{FD3C6E58-B301-420F-A49B-9A536C4D4C38}.Debug|Any CPU.ActiveCfg = Debug|Any CPU
		{FD3C6E58-B301-420F-A49B-9A536C4D4C38}.Debug|Any CPU.Build.0 = Debug|Any CPU
		{FD3C6E58-B301-420F-A49B-9A536C4D4C38}.Release|Any CPU.ActiveCfg = Release|Any CPU
		{FD3C6E58-B301-420F-A49B-9A536C4D4C38}.Release|Any CPU.Build.0 = Release|Any CPU
		{684111C4-F513-4358-BF64-6B776E75C56E}.Debug|Any CPU.ActiveCfg = Debug|Any CPU
		{684111C4-F513-4358-BF64-6B776E75C56E}.Debug|Any CPU.Build.0 = Debug|Any CPU
		{684111C4-F513-4358-BF64-6B776E75C56E}.Release|Any CPU.ActiveCfg = Release|Any CPU
		{684111C4-F513-4358-BF64-6B776E75C56E}.Release|Any CPU.Build.0 = Release|Any CPU
		{F3AA9444-980B-4C74-BE8E-871462503CF6}.Debug|Any CPU.ActiveCfg = Debug|Any CPU
		{F3AA9444-980B-4C74-BE8E-871462503CF6}.Debug|Any CPU.Build.0 = Debug|Any CPU
		{F3AA9444-980B-4C74-BE8E-871462503CF6}.Release|Any CPU.ActiveCfg = Release|Any CPU
		{F3AA9444-980B-4C74-BE8E-871462503CF6}.Release|Any CPU.Build.0 = Release|Any CPU
		{196B03A6-E8DB-4ED4-9DA3-04FEC2C6A528}.Debug|Any CPU.ActiveCfg = Debug|Any CPU
		{196B03A6-E8DB-4ED4-9DA3-04FEC2C6A528}.Debug|Any CPU.Build.0 = Debug|Any CPU
		{196B03A6-E8DB-4ED4-9DA3-04FEC2C6A528}.Release|Any CPU.ActiveCfg = Release|Any CPU
		{196B03A6-E8DB-4ED4-9DA3-04FEC2C6A528}.Release|Any CPU.Build.0 = Release|Any CPU
	EndGlobalSection
	GlobalSection(SolutionProperties) = preSolution
		HideSolutionNode = FALSE
	EndGlobalSection
	GlobalSection(NestedProjects) = preSolution
		{1D60BBAF-15AC-42C9-B6B2-42567742ACF2} = {616BF15D-0A4D-4B77-8677-F46D932551D5}
		{87395334-F33B-44F5-ADED-27EE6203228B} = {616BF15D-0A4D-4B77-8677-F46D932551D5}
		{B7E6967A-1954-403C-A308-F0C2BC4B65E3} = {616BF15D-0A4D-4B77-8677-F46D932551D5}
		{F7AC4A7C-AE4B-48E5-98B0-80145F478364} = {616BF15D-0A4D-4B77-8677-F46D932551D5}
		{5680F88E-6D90-4F9A-9201-F49EE8969E82} = {142BF624-971D-40B7-AAA9-2DE7573D8E3C}
		{02380FC1-6F91-4109-97A9-65B50A651610} = {142BF624-971D-40B7-AAA9-2DE7573D8E3C}
		{005F45E4-EFAE-4617-B666-5B04E17AEDAB} = {142BF624-971D-40B7-AAA9-2DE7573D8E3C}
		{87800B1B-18B3-44AD-BB1C-08636BFF76CC} = {142BF624-971D-40B7-AAA9-2DE7573D8E3C}
		{5AABD420-41BC-41FA-B211-7A5C0FC4465F} = {142BF624-971D-40B7-AAA9-2DE7573D8E3C}
		{2794667E-03E6-4D10-88AB-909C61B47AE9} = {142BF624-971D-40B7-AAA9-2DE7573D8E3C}
		{E0C906F0-621D-4185-9509-6618E3522D9B} = {142BF624-971D-40B7-AAA9-2DE7573D8E3C}
		{0995F328-93D6-4650-B775-5D0B75F41FAF} = {142BF624-971D-40B7-AAA9-2DE7573D8E3C}
		{7FA438AD-EB27-4C2D-94F6-243C1F7525DF} = {142BF624-971D-40B7-AAA9-2DE7573D8E3C}
		{C6C773DD-4DF0-4F7C-B536-168BF3DCAD37} = {142BF624-971D-40B7-AAA9-2DE7573D8E3C}
		{48F2FC15-D9FD-43B9-81F3-16E75DA7001B} = {142BF624-971D-40B7-AAA9-2DE7573D8E3C}
		{87ED6229-D304-4E14-96CD-A199A0416030} = {142BF624-971D-40B7-AAA9-2DE7573D8E3C}
		{A02CB025-7611-4A1F-A332-CF6DEB645C00} = {E0C99CB7-5B22-450E-B081-7D9F4C60366B}
		{52513F54-F8FC-4542-A5E7-51D563E664FB} = {E0C99CB7-5B22-450E-B081-7D9F4C60366B}
		{60F06890-0F36-4419-B323-E0474AF827D2} = {E0C99CB7-5B22-450E-B081-7D9F4C60366B}
		{61A70B3D-140C-4B7F-90E8-6A680ECC3FD3} = {E0C99CB7-5B22-450E-B081-7D9F4C60366B}
		{4580AB65-C35C-47B4-8CF1-5F12F574153D} = {E0C99CB7-5B22-450E-B081-7D9F4C60366B}
		{5355F2F6-C96D-4E21-92BA-2C15FAFB7D6B} = {E0C99CB7-5B22-450E-B081-7D9F4C60366B}
		{BCBF546F-9B97-4B75-9D99-59384BEAF625} = {E0C99CB7-5B22-450E-B081-7D9F4C60366B}
		{998367E8-08E8-4B00-BCD6-5AF1A4F2DA7A} = {E0C99CB7-5B22-450E-B081-7D9F4C60366B}
		{BD39E017-B908-4180-98BC-054516AB914A} = {E0C99CB7-5B22-450E-B081-7D9F4C60366B}
		{3F31EE8F-E4DD-473E-ADB1-E8B6474AE687} = {E0C99CB7-5B22-450E-B081-7D9F4C60366B}
		{423ADD30-53A9-4A95-B308-06E945E3C908} = {A6F62230-5F98-43FE-9871-DD59A0EC0352}
		{134F1352-F933-4618-B4AD-40B73120A8F3} = {A6F62230-5F98-43FE-9871-DD59A0EC0352}
		{4969A066-B9E8-45DA-9D70-61525FF98A77} = {A6F62230-5F98-43FE-9871-DD59A0EC0352}
		{78C9845E-B639-4034-B343-C1D121596F45} = {A6F62230-5F98-43FE-9871-DD59A0EC0352}
		{FA922288-788E-438E-BE3D-2805322C0364} = {A6F62230-5F98-43FE-9871-DD59A0EC0352}
		{FD3C6E58-B301-420F-A49B-9A536C4D4C38} = {A6F62230-5F98-43FE-9871-DD59A0EC0352}
		{684111C4-F513-4358-BF64-6B776E75C56E} = {A6F62230-5F98-43FE-9871-DD59A0EC0352}
		{F3AA9444-980B-4C74-BE8E-871462503CF6} = {A6F62230-5F98-43FE-9871-DD59A0EC0352}
		{196B03A6-E8DB-4ED4-9DA3-04FEC2C6A528} = {A6F62230-5F98-43FE-9871-DD59A0EC0352}
	EndGlobalSection
	GlobalSection(ExtensibilityGlobals) = postSolution
		SolutionGuid = {C41261C3-8F7B-4B6F-BA88-2CC1174C878B}
	EndGlobalSection
EndGlobal
